
Microsoft Visual Studio Solution File, Format Version 12.00
# Visual Studio Version 16
VisualStudioVersion = 16.0.30907.101
MinimumVisualStudioVersion = 10.0.40219.1
Project("{888888A0-9F3D-457C-B088-3A5042F75D52}") = "EncryptDecrypt", "EncryptDecrypt.pyproj", "{91AAEC84-B486-49E3-B48D-A7456997D7DC}"
EndProject
Global
	GlobalSection(SolutionConfigurationPlatforms) = preSolution
		Debug|Any CPU = Debug|Any CPU
		Release|Any CPU = Release|Any CPU
	EndGlobalSection
	GlobalSection(ProjectConfigurationPlatforms) = postSolution
		{91AAEC84-B486-49E3-B48D-A7456997D7DC}.Debug|Any CPU.ActiveCfg = Debug|Any CPU
		{91AAEC84-B486-49E3-B48D-A7456997D7DC}.Release|Any CPU.ActiveCfg = Release|Any CPU
	EndGlobalSection
	GlobalSection(SolutionProperties) = preSolution
		HideSolutionNode = FALSE
	EndGlobalSection
	GlobalSection(ExtensibilityGlobals) = postSolution
		SolutionGuid = {6ECC0D3F-19A7-413D-9DDE-3C2DCE8BF09C}
	EndGlobalSection
EndGlobal
